
Microsoft Visual Studio Solution File, Format Version 12.00
# Visual Studio Version 17
VisualStudioVersion = 17.2.32516.85
MinimumVisualStudioVersion = 10.0.40219.1
Project("{FAE04EC0-301F-11D3-BF4B-00C04F79EFBC}") = "exocad", "exocad\exocad.csproj", "{9E4C7532-B5BF-4C11-A669-2B7DA74B22D6}"
EndProject
Global
	GlobalSection(SolutionConfigurationPlatforms) = preSolution
		Debug|Any CPU = Debug|Any CPU
		Release|Any CPU = Release|Any CPU
	EndGlobalSection
	GlobalSection(ProjectConfigurationPlatforms) = postSolution
		{9E4C7532-B5BF-4C11-A669-2B7DA74B22D6}.Debug|Any CPU.ActiveCfg = Debug|Any CPU
		{9E4C7532-B5BF-4C11-A669-2B7DA74B22D6}.Debug|Any CPU.Build.0 = Debug|Any CPU
		{9E4C7532-B5BF-4C11-A669-2B7DA74B22D6}.Release|Any CPU.ActiveCfg = Release|Any CPU
		{9E4C7532-B5BF-4C11-A669-2B7DA74B22D6}.Release|Any CPU.Build.0 = Release|Any CPU
	EndGlobalSection
	GlobalSection(SolutionProperties) = preSolution
		HideSolutionNode = FALSE
	EndGlobalSection
	GlobalSection(ExtensibilityGlobals) = postSolution
		SolutionGuid = {DC05C5AC-8956-4B0D-BA60-3056D1F5AE3F}
	EndGlobalSection
EndGlobal
